
Microsoft Visual Studio Solution File, Format Version 12.00
# Visual Studio Version 16
VisualStudioVersion = 16.0.28803.156
MinimumVisualStudioVersion = 10.0.40219.1
Project("{9A19103F-16F7-4668-BE54-9A1E7A4F7556}") = "aplicacao-descontos", "aplicacao-descontos\aplicacao-descontos.csproj", "{63CD13EA-5637-4023-9BE7-E8F8EFF4AE9F}"
EndProject
Global
	GlobalSection(SolutionConfigurationPlatforms) = preSolution
		Debug|Any CPU = Debug|Any CPU
		Release|Any CPU = Release|Any CPU
	EndGlobalSection
	GlobalSection(ProjectConfigurationPlatforms) = postSolution
		{63CD13EA-5637-4023-9BE7-E8F8EFF4AE9F}.Debug|Any CPU.ActiveCfg = Debug|Any CPU
		{63CD13EA-5637-4023-9BE7-E8F8EFF4AE9F}.Debug|Any CPU.Build.0 = Debug|Any CPU
		{63CD13EA-5637-4023-9BE7-E8F8EFF4AE9F}.Release|Any CPU.ActiveCfg = Release|Any CPU
		{63CD13EA-5637-4023-9BE7-E8F8EFF4AE9F}.Release|Any CPU.Build.0 = Release|Any CPU
	EndGlobalSection
	GlobalSection(SolutionProperties) = preSolution
		HideSolutionNode = FALSE
	EndGlobalSection
	GlobalSection(ExtensibilityGlobals) = postSolution
		SolutionGuid = {4D2AB31D-DCEB-4F05-9127-74CC382294B2}
	EndGlobalSection
EndGlobal
